{
  "name": "gittest",
  "version": "1.0.0",
  "lockfileVersion": 2,
  "requires": true,
  "packages": {
    "": {
      "name": "gittest",
      "version": "1.0.0",
      "license": "ISC",
      "dependencies": {
        "is-mobile": "^3.1.1"
      }
    },
    "node_modules/is-mobile": {
      "version": "3.1.1",
      "resolved": "https://registry.npmjs.org/is-mobile/-/is-mobile-3.1.1.tgz",
      "integrity": "sha512-RRoXXR2HNFxNkUnxtaBdGBXtFlUMFa06S0NUKf/LCF+MuGLu13gi9iBCkoEmc6+rpXuwi5Mso5V8Zf7mNynMBQ=="
    }
  },
  "dependencies": {
    "is-mobile": {
      "version": "3.1.1",
      "resolved": "https://registry.npmjs.org/is-mobile/-/is-mobile-3.1.1.tgz",
      "integrity": "sha512-RRoXXR2HNFxNkUnxtaBdGBXtFlUMFa06S0NUKf/LCF+MuGLu13gi9iBCkoEmc6+rpXuwi5Mso5V8Zf7mNynMBQ=="
    }
  }
}
